
Microsoft Visual Studio Solution File, Format Version 12.00
# Visual Studio Version 16
VisualStudioVersion = 16.0.30711.63
MinimumVisualStudioVersion = 10.0.40219.1
Project("{FAE04EC0-301F-11D3-BF4B-00C04F79EFBC}") = "Academia.Console", "Academia.Console\Academia.Console.csproj", "{CF4DD642-808A-4313-9859-E4262740B697}"
EndProject
Global
	GlobalSection(SolutionConfigurationPlatforms) = preSolution
		Debug|Any CPU = Debug|Any CPU
		Release|Any CPU = Release|Any CPU
	EndGlobalSection
	GlobalSection(ProjectConfigurationPlatforms) = postSolution
		{CF4DD642-808A-4313-9859-E4262740B697}.Debug|Any CPU.ActiveCfg = Debug|Any CPU
		{CF4DD642-808A-4313-9859-E4262740B697}.Debug|Any CPU.Build.0 = Debug|Any CPU
		{CF4DD642-808A-4313-9859-E4262740B697}.Release|Any CPU.ActiveCfg = Release|Any CPU
		{CF4DD642-808A-4313-9859-E4262740B697}.Release|Any CPU.Build.0 = Release|Any CPU
	EndGlobalSection
	GlobalSection(SolutionProperties) = preSolution
		HideSolutionNode = FALSE
	EndGlobalSection
	GlobalSection(ExtensibilityGlobals) = postSolution
		SolutionGuid = {1964FC2B-F6E6-4EFC-8B8A-426DFF609874}
	EndGlobalSection
EndGlobal
